
Microsoft Visual Studio Solution File, Format Version 12.00
# Visual Studio Version 16
VisualStudioVersion = 16.0.29009.5
MinimumVisualStudioVersion = 10.0.40219.1
Project("{FAE04EC0-301F-11D3-BF4B-00C04F79EFBC}") = "Api-V1", "Api-V1.csproj", "{13FC9961-B6E7-4AB1-BA8E-8C0B434D4460}"
EndProject
Global
	GlobalSection(SolutionConfigurationPlatforms) = preSolution
		Debug|Any CPU = Debug|Any CPU
		Release|Any CPU = Release|Any CPU
	EndGlobalSection
	GlobalSection(ProjectConfigurationPlatforms) = postSolution
		{13FC9961-B6E7-4AB1-BA8E-8C0B434D4460}.Debug|Any CPU.ActiveCfg = Debug|Any CPU
		{13FC9961-B6E7-4AB1-BA8E-8C0B434D4460}.Debug|Any CPU.Build.0 = Debug|Any CPU
		{13FC9961-B6E7-4AB1-BA8E-8C0B434D4460}.Release|Any CPU.ActiveCfg = Release|Any CPU
		{13FC9961-B6E7-4AB1-BA8E-8C0B434D4460}.Release|Any CPU.Build.0 = Release|Any CPU
	EndGlobalSection
	GlobalSection(SolutionProperties) = preSolution
		HideSolutionNode = FALSE
	EndGlobalSection
	GlobalSection(ExtensibilityGlobals) = postSolution
		SolutionGuid = {11687E0C-E20D-4362-959B-9CEB11FD1AB8}
	EndGlobalSection
EndGlobal
